// !$*UTF8*$!
{
	archiveVersion = 1;
	classes = {
	};
	objectVersion = 56;
	objects = {

/* Begin PBXBuildFile section */
		F8809ACB2BC979FE00522B6C /* Cover.png in Resources */ = {isa = PBXBuildFile; fileRef = F8809ACA2BC979FE00522B6C /* Cover.png */; };
		F88DED332BE03A1E003F1F47 /* HomeVC.swift in Sources */ = {isa = PBXBuildFile; fileRef = F88DED322BE03A1E003F1F47 /* HomeVC.swift */; };
		F88DED352BE03C0C003F1F47 /* OnboardingVC.swift in Sources */ = {isa = PBXBuildFile; fileRef = F88DED342BE03C0C003F1F47 /* OnboardingVC.swift */; };
		F88DED382BE03C5E003F1F47 /* NOGButton.swift in Sources */ = {isa = PBXBuildFile; fileRef = F88DED372BE03C5E003F1F47 /* NOGButton.swift */; };
		F88DED3A2BE04616003F1F47 /* NOGTextField.swift in Sources */ = {isa = PBXBuildFile; fileRef = F88DED392BE04616003F1F47 /* NOGTextField.swift */; };
		F88DED3C2BE05698003F1F47 /* ShopVC.swift in Sources */ = {isa = PBXBuildFile; fileRef = F88DED3B2BE05698003F1F47 /* ShopVC.swift */; };
		F88DED3E2BE05772003F1F47 /* ExploreVC.swift in Sources */ = {isa = PBXBuildFile; fileRef = F88DED3D2BE05772003F1F47 /* ExploreVC.swift */; };
		F88DED402BE05D39003F1F47 /* CartVC.swift in Sources */ = {isa = PBXBuildFile; fileRef = F88DED3F2BE05D39003F1F47 /* CartVC.swift */; };
		F88DED422BE05DE5003F1F47 /* FavoriteVC.swift in Sources */ = {isa = PBXBuildFile; fileRef = F88DED412BE05DE5003F1F47 /* FavoriteVC.swift */; };
		F88DED442BE05E44003F1F47 /* AccountVC.swift in Sources */ = {isa = PBXBuildFile; fileRef = F88DED432BE05E44003F1F47 /* AccountVC.swift */; };
		F8C42C822BC8C45200EC1431 /* AppDelegate.swift in Sources */ = {isa = PBXBuildFile; fileRef = F8C42C812BC8C45200EC1431 /* AppDelegate.swift */; };
		F8C42C842BC8C45200EC1431 /* SceneDelegate.swift in Sources */ = {isa = PBXBuildFile; fileRef = F8C42C832BC8C45200EC1431 /* SceneDelegate.swift */; };
		F8C42C862BC8C45200EC1431 /* ViewController.swift in Sources */ = {isa = PBXBuildFile; fileRef = F8C42C852BC8C45200EC1431 /* ViewController.swift */; };
		F8C42C8B2BC8C45500EC1431 /* Assets.xcassets in Resources */ = {isa = PBXBuildFile; fileRef = F8C42C8A2BC8C45500EC1431 /* Assets.xcassets */; };
/* End PBXBuildFile section */

/* Begin PBXFileReference section */
		F8809ACA2BC979FE00522B6C /* Cover.png */ = {isa = PBXFileReference; lastKnownFileType = image.png; path = Cover.png; sourceTree = "<group>"; };
		F88DED322BE03A1E003F1F47 /* HomeVC.swift */ = {isa = PBXFileReference; lastKnownFileType = sourcecode.swift; path = HomeVC.swift; sourceTree = "<group>"; };
		F88DED342BE03C0C003F1F47 /* OnboardingVC.swift */ = {isa = PBXFileReference; lastKnownFileType = sourcecode.swift; path = OnboardingVC.swift; sourceTree = "<group>"; };
		F88DED372BE03C5E003F1F47 /* NOGButton.swift */ = {isa = PBXFileReference; lastKnownFileType = sourcecode.swift; path = NOGButton.swift; sourceTree = "<group>"; };
		F88DED392BE04616003F1F47 /* NOGTextField.swift */ = {isa = PBXFileReference; lastKnownFileType = sourcecode.swift; path = NOGTextField.swift; sourceTree = "<group>"; };
		F88DED3B2BE05698003F1F47 /* ShopVC.swift */ = {isa = PBXFileReference; lastKnownFileType = sourcecode.swift; path = ShopVC.swift; sourceTree = "<group>"; };
		F88DED3D2BE05772003F1F47 /* ExploreVC.swift */ = {isa = PBXFileReference; lastKnownFileType = sourcecode.swift; path = ExploreVC.swift; sourceTree = "<group>"; };
		F88DED3F2BE05D39003F1F47 /* CartVC.swift */ = {isa = PBXFileReference; lastKnownFileType = sourcecode.swift; path = CartVC.swift; sourceTree = "<group>"; };
		F88DED412BE05DE5003F1F47 /* FavoriteVC.swift */ = {isa = PBXFileReference; lastKnownFileType = sourcecode.swift; path = FavoriteVC.swift; sourceTree = "<group>"; };
		F88DED432BE05E44003F1F47 /* AccountVC.swift */ = {isa = PBXFileReference; lastKnownFileType = sourcecode.swift; path = AccountVC.swift; sourceTree = "<group>"; };
		F8C42C7E2BC8C45200EC1431 /* Nectar Online Groceries.app */ = {isa = PBXFileReference; explicitFileType = wrapper.application; includeInIndex = 0; path = "Nectar Online Groceries.app"; sourceTree = BUILT_PRODUCTS_DIR; };
		F8C42C812BC8C45200EC1431 /* AppDelegate.swift */ = {isa = PBXFileReference; lastKnownFileType = sourcecode.swift; path = AppDelegate.swift; sourceTree = "<group>"; };
		F8C42C832BC8C45200EC1431 /* SceneDelegate.swift */ = {isa = PBXFileReference; lastKnownFileType = sourcecode.swift; path = SceneDelegate.swift; sourceTree = "<group>"; };
		F8C42C852BC8C45200EC1431 /* ViewController.swift */ = {isa = PBXFileReference; lastKnownFileType = sourcecode.swift; path = ViewController.swift; sourceTree = "<group>"; };
		F8C42C8A2BC8C45500EC1431 /* Assets.xcassets */ = {isa = PBXFileReference; lastKnownFileType = folder.assetcatalog; path = Assets.xcassets; sourceTree = "<group>"; };
		F8C42C8F2BC8C45500EC1431 /* Info.plist */ = {isa = PBXFileReference; lastKnownFileType = text.plist.xml; path = Info.plist; sourceTree = "<group>"; };
/* End PBXFileReference section */

/* Begin PBXFrameworksBuildPhase section */
		F8C42C7B2BC8C45200EC1431 /* Frameworks */ = {
			isa = PBXFrameworksBuildPhase;
			buildActionMask = 2147483647;
			files = (
			);
			runOnlyForDeploymentPostprocessing = 0;
		};
/* End PBXFrameworksBuildPhase section */

/* Begin PBXGroup section */
		F8809AC92BC979E700522B6C /* Documentation */ = {
			isa = PBXGroup;
			children = (
				F8809ACA2BC979FE00522B6C /* Cover.png */,
			);
			path = Documentation;
			sourceTree = "<group>";
		};
		F88DED362BE03C39003F1F47 /* Components */ = {
			isa = PBXGroup;
			children = (
				F88DED372BE03C5E003F1F47 /* NOGButton.swift */,
				F88DED392BE04616003F1F47 /* NOGTextField.swift */,
			);
			path = Components;
			sourceTree = "<group>";
		};
		F8BCD6EC2BC9877E00749493 /* View */ = {
			isa = PBXGroup;
			children = (
				F88DED322BE03A1E003F1F47 /* HomeVC.swift */,
				F88DED342BE03C0C003F1F47 /* OnboardingVC.swift */,
				F88DED3B2BE05698003F1F47 /* ShopVC.swift */,
				F88DED3D2BE05772003F1F47 /* ExploreVC.swift */,
				F88DED3F2BE05D39003F1F47 /* CartVC.swift */,
				F88DED412BE05DE5003F1F47 /* FavoriteVC.swift */,
				F88DED432BE05E44003F1F47 /* AccountVC.swift */,
			);
			path = View;
			sourceTree = "<group>";
		};
		F8C42C752BC8C45200EC1431 = {
			isa = PBXGroup;
			children = (
				F8809AC92BC979E700522B6C /* Documentation */,
				F8C42C802BC8C45200EC1431 /* Nectar Online Groceries */,
				F8C42C7F2BC8C45200EC1431 /* Products */,
			);
			sourceTree = "<group>";
		};
		F8C42C7F2BC8C45200EC1431 /* Products */ = {
			isa = PBXGroup;
			children = (
				F8C42C7E2BC8C45200EC1431 /* Nectar Online Groceries.app */,
			);
			name = Products;
			sourceTree = "<group>";
		};
		F8C42C802BC8C45200EC1431 /* Nectar Online Groceries */ = {
			isa = PBXGroup;
			children = (
				F88DED362BE03C39003F1F47 /* Components */,
				F8BCD6EC2BC9877E00749493 /* View */,
				F8C42C812BC8C45200EC1431 /* AppDelegate.swift */,
				F8C42C832BC8C45200EC1431 /* SceneDelegate.swift */,
				F8C42C852BC8C45200EC1431 /* ViewController.swift */,
				F8C42C8A2BC8C45500EC1431 /* Assets.xcassets */,
				F8C42C8F2BC8C45500EC1431 /* Info.plist */,
			);
			path = "Nectar Online Groceries";
			sourceTree = "<group>";
		};
/* End PBXGroup section */

/* Begin PBXNativeTarget section */
		F8C42C7D2BC8C45200EC1431 /* Nectar Online Groceries */ = {
			isa = PBXNativeTarget;
			buildConfigurationList = F8C42C922BC8C45500EC1431 /* Build configuration list for PBXNativeTarget "Nectar Online Groceries" */;
			buildPhases = (
				F8C42C7A2BC8C45200EC1431 /* Sources */,
				F8C42C7B2BC8C45200EC1431 /* Frameworks */,
				F8C42C7C2BC8C45200EC1431 /* Resources */,
			);
			buildRules = (
			);
			dependencies = (
			);
			name = "Nectar Online Groceries";
			productName = "Nectar Online Groceries";
			productReference = F8C42C7E2BC8C45200EC1431 /* Nectar Online Groceries.app */;
			productType = "com.apple.product-type.application";
		};
/* End PBXNativeTarget section */

/* Begin PBXProject section */
		F8C42C762BC8C45200EC1431 /* Project object */ = {
			isa = PBXProject;
			attributes = {
				BuildIndependentTargetsInParallel = 1;
				LastSwiftUpdateCheck = 1530;
				LastUpgradeCheck = 1530;
				TargetAttributes = {
					F8C42C7D2BC8C45200EC1431 = {
						CreatedOnToolsVersion = 15.3;
					};
				};
			};
			buildConfigurationList = F8C42C792BC8C45200EC1431 /* Build configuration list for PBXProject "Nectar Online Groceries" */;
			compatibilityVersion = "Xcode 14.0";
			developmentRegion = en;
			hasScannedForEncodings = 0;
			knownRegions = (
				en,
				Base,
			);
			mainGroup = F8C42C752BC8C45200EC1431;
			productRefGroup = F8C42C7F2BC8C45200EC1431 /* Products */;
			projectDirPath = "";
			projectRoot = "";
			targets = (
				F8C42C7D2BC8C45200EC1431 /* Nectar Online Groceries */,
			);
		};
/* End PBXProject section */

/* Begin PBXResourcesBuildPhase section */
		F8C42C7C2BC8C45200EC1431 /* Resources */ = {
			isa = PBXResourcesBuildPhase;
			buildActionMask = 2147483647;
			files = (
				F8C42C8B2BC8C45500EC1431 /* Assets.xcassets in Resources */,
				F8809ACB2BC979FE00522B6C /* Cover.png in Resources */,
			);
			runOnlyForDeploymentPostprocessing = 0;
		};
/* End PBXResourcesBuildPhase section */

/* Begin PBXSourcesBuildPhase section */
		F8C42C7A2BC8C45200EC1431 /* Sources */ = {
			isa = PBXSourcesBuildPhase;
			buildActionMask = 2147483647;
			files = (
				F8C42C862BC8C45200EC1431 /* ViewController.swift in Sources */,
				F88DED332BE03A1E003F1F47 /* HomeVC.swift in Sources */,
				F88DED422BE05DE5003F1F47 /* FavoriteVC.swift in Sources */,
				F88DED3C2BE05698003F1F47 /* ShopVC.swift in Sources */,
				F88DED3E2BE05772003F1F47 /* ExploreVC.swift in Sources */,
				F88DED382BE03C5E003F1F47 /* NOGButton.swift in Sources */,
				F88DED352BE03C0C003F1F47 /* OnboardingVC.swift in Sources */,
				F88DED3A2BE04616003F1F47 /* NOGTextField.swift in Sources */,
				F88DED442BE05E44003F1F47 /* AccountVC.swift in Sources */,
				F8C42C822BC8C45200EC1431 /* AppDelegate.swift in Sources */,
				F88DED402BE05D39003F1F47 /* CartVC.swift in Sources */,
				F8C42C842BC8C45200EC1431 /* SceneDelegate.swift in Sources */,
			);
			runOnlyForDeploymentPostprocessing = 0;
		};
/* End PBXSourcesBuildPhase section */

/* Begin XCBuildConfiguration section */
		F8C42C902BC8C45500EC1431 /* Debug */ = {
			isa = XCBuildConfiguration;
			buildSettings = {
				ALWAYS_SEARCH_USER_PATHS = NO;
				ASSETCATALOG_COMPILER_GENERATE_SWIFT_ASSET_SYMBOL_EXTENSIONS = YES;
				CLANG_ANALYZER_NONNULL = YES;
				CLANG_ANALYZER_NUMBER_OBJECT_CONVERSION = YES_AGGRESSIVE;
				CLANG_CXX_LANGUAGE_STANDARD = "gnu++20";
				CLANG_ENABLE_MODULES = YES;
				CLANG_ENABLE_OBJC_ARC = YES;
				CLANG_ENABLE_OBJC_WEAK = YES;
				CLANG_WARN_BLOCK_CAPTURE_AUTORELEASING = YES;
				CLANG_WARN_BOOL_CONVERSION = YES;
				CLANG_WARN_COMMA = YES;
				CLANG_WARN_CONSTANT_CONVERSION = YES;
				CLANG_WARN_DEPRECATED_OBJC_IMPLEMENTATIONS = YES;
				CLANG_WARN_DIRECT_OBJC_ISA_USAGE = YES_ERROR;
				CLANG_WARN_DOCUMENTATION_COMMENTS = YES;
				CLANG_WARN_EMPTY_BODY = YES;
				CLANG_WARN_ENUM_CONVERSION = YES;
				CLANG_WARN_INFINITE_RECURSION = YES;
				CLANG_WARN_INT_CONVERSION = YES;
				CLANG_WARN_NON_LITERAL_NULL_CONVERSION = YES;
				CLANG_WARN_OBJC_IMPLICIT_RETAIN_SELF = YES;
				CLANG_WARN_OBJC_LITERAL_CONVERSION = YES;
				CLANG_WARN_OBJC_ROOT_CLASS = YES_ERROR;
				CLANG_WARN_QUOTED_INCLUDE_IN_FRAMEWORK_HEADER = YES;
				CLANG_WARN_RANGE_LOOP_ANALYSIS = YES;
				CLANG_WARN_STRICT_PROTOTYPES = YES;
				CLANG_WARN_SUSPICIOUS_MOVE = YES;
				CLANG_WARN_UNGUARDED_AVAILABILITY = YES_AGGRESSIVE;
				CLANG_WARN_UNREACHABLE_CODE = YES;
				CLANG_WARN__DUPLICATE_METHOD_MATCH = YES;
				COPY_PHASE_STRIP = NO;
				DEBUG_INFORMATION_FORMAT = dwarf;
				ENABLE_STRICT_OBJC_MSGSEND = YES;
				ENABLE_TESTABILITY = YES;
				ENABLE_USER_SCRIPT_SANDBOXING = YES;
				GCC_C_LANGUAGE_STANDARD = gnu17;
				GCC_DYNAMIC_NO_PIC = NO;
				GCC_NO_COMMON_BLOCKS = YES;
				GCC_OPTIMIZATION_LEVEL = 0;
				GCC_PREPROCESSOR_DEFINITIONS = (
					"DEBUG=1",
					"$(inherited)",
				);
				GCC_WARN_64_TO_32_BIT_CONVERSION = YES;
				GCC_WARN_ABOUT_RETURN_TYPE = YES_ERROR;
				GCC_WARN_UNDECLARED_SELECTOR = YES;
				GCC_WARN_UNINITIALIZED_AUTOS = YES_AGGRESSIVE;
				GCC_WARN_UNUSED_FUNCTION = YES;
				GCC_WARN_UNUSED_VARIABLE = YES;
				IPHONEOS_DEPLOYMENT_TARGET = 15.0;
				LOCALIZATION_PREFERS_STRING_CATALOGS = YES;
				MTL_ENABLE_DEBUG_INFO = INCLUDE_SOURCE;
				MTL_FAST_MATH = YES;
				ONLY_ACTIVE_ARCH = YES;
				SDKROOT = iphoneos;
				SWIFT_ACTIVE_COMPILATION_CONDITIONS = "DEBUG $(inherited)";
				SWIFT_OPTIMIZATION_LEVEL = "-Onone";
			};
			name = Debug;
		};
		F8C42C912BC8C45500EC1431 /* Release */ = {
			isa = XCBuildConfiguration;
			buildSettings = {
				ALWAYS_SEARCH_USER_PATHS = NO;
				ASSETCATALOG_COMPILER_GENERATE_SWIFT_ASSET_SYMBOL_EXTENSIONS = YES;
				CLANG_ANALYZER_NONNULL = YES;
				CLANG_ANALYZER_NUMBER_OBJECT_CONVERSION = YES_AGGRESSIVE;
				CLANG_CXX_LANGUAGE_STANDARD = "gnu++20";
				CLANG_ENABLE_MODULES = YES;
				CLANG_ENABLE_OBJC_ARC = YES;
				CLANG_ENABLE_OBJC_WEAK = YES;
				CLANG_WARN_BLOCK_CAPTURE_AUTORELEASING = YES;
				CLANG_WARN_BOOL_CONVERSION = YES;
				CLANG_WARN_COMMA = YES;
				CLANG_WARN_CONSTANT_CONVERSION = YES;
				CLANG_WARN_DEPRECATED_OBJC_IMPLEMENTATIONS = YES;
				CLANG_WARN_DIRECT_OBJC_ISA_USAGE = YES_ERROR;
				CLANG_WARN_DOCUMENTATION_COMMENTS = YES;
				CLANG_WARN_EMPTY_BODY = YES;
				CLANG_WARN_ENUM_CONVERSION = YES;
				CLANG_WARN_INFINITE_RECURSION = YES;
				CLANG_WARN_INT_CONVERSION = YES;
				CLANG_WARN_NON_LITERAL_NULL_CONVERSION = YES;
				CLANG_WARN_OBJC_IMPLICIT_RETAIN_SELF = YES;
				CLANG_WARN_OBJC_LITERAL_CONVERSION = YES;
				CLANG_WARN_OBJC_ROOT_CLASS = YES_ERROR;
				CLANG_WARN_QUOTED_INCLUDE_IN_FRAMEWORK_HEADER = YES;
				CLANG_WARN_RANGE_LOOP_ANALYSIS = YES;
				CLANG_WARN_STRICT_PROTOTYPES = YES;
				CLANG_WARN_SUSPICIOUS_MOVE = YES;
				CLANG_WARN_UNGUARDED_AVAILABILITY = YES_AGGRESSIVE;
				CLANG_WARN_UNREACHABLE_CODE = YES;
				CLANG_WARN__DUPLICATE_METHOD_MATCH = YES;
				COPY_PHASE_STRIP = NO;
				DEBUG_INFORMATION_FORMAT = "dwarf-with-dsym";
				ENABLE_NS_ASSERTIONS = NO;
				ENABLE_STRICT_OBJC_MSGSEND = YES;
				ENABLE_USER_SCRIPT_SANDBOXING = YES;
				GCC_C_LANGUAGE_STANDARD = gnu17;
				GCC_NO_COMMON_BLOCKS = YES;
				GCC_WARN_64_TO_32_BIT_CONVERSION = YES;
				GCC_WARN_ABOUT_RETURN_TYPE = YES_ERROR;
				GCC_WARN_UNDECLARED_SELECTOR = YES;
				GCC_WARN_UNINITIALIZED_AUTOS = YES_AGGRESSIVE;
				GCC_WARN_UNUSED_FUNCTION = YES;
				GCC_WARN_UNUSED_VARIABLE = YES;
				IPHONEOS_DEPLOYMENT_TARGET = 15.0;
				LOCALIZATION_PREFERS_STRING_CATALOGS = YES;
				MTL_ENABLE_DEBUG_INFO = NO;
				MTL_FAST_MATH = YES;
				SDKROOT = iphoneos;
				SWIFT_COMPILATION_MODE = wholemodule;
				VALIDATE_PRODUCT = YES;
			};
			name = Release;
		};
		F8C42C932BC8C45500EC1431 /* Debug */ = {
			isa = XCBuildConfiguration;
			buildSettings = {
				ASSETCATALOG_COMPILER_APPICON_NAME = AppIcon;
				ASSETCATALOG_COMPILER_GLOBAL_ACCENT_COLOR_NAME = AccentColor;
				CODE_SIGN_STYLE = Automatic;
				CURRENT_PROJECT_VERSION = 1;
				GENERATE_INFOPLIST_FILE = YES;
				INFOPLIST_FILE = "Nectar Online Groceries/Info.plist";
				INFOPLIST_KEY_CFBundleDisplayName = "Nectar Store";
				INFOPLIST_KEY_UIApplicationSupportsIndirectInputEvents = YES;
				INFOPLIST_KEY_UILaunchStoryboardName = LaunchScreen;
				INFOPLIST_KEY_UISupportedInterfaceOrientations = UIInterfaceOrientationPortrait;
				IPHONEOS_DEPLOYMENT_TARGET = 15.0;
				LD_RUNPATH_SEARCH_PATHS = (
					"$(inherited)",
					"@executable_path/Frameworks",
				);
				MARKETING_VERSION = 0.1;
				PRODUCT_BUNDLE_IDENTIFIER = "com.danielbnfilho.Nectar-Online-Groceries";
				PRODUCT_NAME = "$(TARGET_NAME)";
				SWIFT_EMIT_LOC_STRINGS = YES;
				SWIFT_VERSION = 5.0;
				TARGETED_DEVICE_FAMILY = "1,2";
			};
			name = Debug;
		};
		F8C42C942BC8C45500EC1431 /* Release */ = {
			isa = XCBuildConfiguration;
			buildSettings = {
				ASSETCATALOG_COMPILER_APPICON_NAME = AppIcon;
				ASSETCATALOG_COMPILER_GLOBAL_ACCENT_COLOR_NAME = AccentColor;
				CODE_SIGN_STYLE = Automatic;
				CURRENT_PROJECT_VERSION = 1;
				GENERATE_INFOPLIST_FILE = YES;
				INFOPLIST_FILE = "Nectar Online Groceries/Info.plist";
				INFOPLIST_KEY_CFBundleDisplayName = "Nectar Store";
				INFOPLIST_KEY_UIApplicationSupportsIndirectInputEvents = YES;
				INFOPLIST_KEY_UILaunchStoryboardName = LaunchScreen;
				INFOPLIST_KEY_UISupportedInterfaceOrientations = UIInterfaceOrientationPortrait;
				IPHONEOS_DEPLOYMENT_TARGET = 15.0;
				LD_RUNPATH_SEARCH_PATHS = (
					"$(inherited)",
					"@executable_path/Frameworks",
				);
				MARKETING_VERSION = 0.1;
				PRODUCT_BUNDLE_IDENTIFIER = "com.danielbnfilho.Nectar-Online-Groceries";
				PRODUCT_NAME = "$(TARGET_NAME)";
				SWIFT_EMIT_LOC_STRINGS = YES;
				SWIFT_VERSION = 5.0;
				TARGETED_DEVICE_FAMILY = "1,2";
			};
			name = Release;
		};
/* End XCBuildConfiguration section */

/* Begin XCConfigurationList section */
		F8C42C792BC8C45200EC1431 /* Build configuration list for PBXProject "Nectar Online Groceries" */ = {
			isa = XCConfigurationList;
			buildConfigurations = (
				F8C42C902BC8C45500EC1431 /* Debug */,
				F8C42C912BC8C45500EC1431 /* Release */,
			);
			defaultConfigurationIsVisible = 0;
			defaultConfigurationName = Release;
		};
		F8C42C922BC8C45500EC1431 /* Build configuration list for PBXNativeTarget "Nectar Online Groceries" */ = {
			isa = XCConfigurationList;
			buildConfigurations = (
				F8C42C932BC8C45500EC1431 /* Debug */,
				F8C42C942BC8C45500EC1431 /* Release */,
			);
			defaultConfigurationIsVisible = 0;
			defaultConfigurationName = Release;
		};
/* End XCConfigurationList section */
	};
	rootObject = F8C42C762BC8C45200EC1431 /* Project object */;
}
